<?xml version="1.0" encoding="utf-8"?>
<Project ToolsVersion="4.0" xmlns="http://schemas.microsoft.com/developer/msbuild/2003">
  <ItemGroup>
    <Filter Include="소스 파일">
      <UniqueIdentifier>{4FC737F1-C7A5-4376-A066-2A32D752A2FF}</UniqueIdentifier>
      <Extensions>cpp;c;cc;cxx;def;odl;idl;hpj;bat;asm;asmx</Extensions>
    </Filter>
    <Filter Include="리소스 파일">
      <UniqueIdentifier>{67DA6AB6-F800-4c08-8B7A-83BB121AAD01}</UniqueIdentifier>
      <Extensions>rc;ico;cur;bmp;dlg;rc2;rct;bin;rgs;gif;jpg;jpeg;jpe;resx;tiff;tif;png;wav;mfcribbon-ms</Extensions>
    </Filter>
    <Filter Include="소스 파일\DP">
      <UniqueIdentifier>{27049c43-c8c8-4f01-be68-4be9488b18b4}</UniqueIdentifier>
    </Filter>
    <Filter Include="소스 파일\BruteForce">
      <UniqueIdentifier>{16c7cafe-00d8-46d1-84e1-600541a1d5a2}</UniqueIdentifier>
    </Filter>
    <Filter Include="소스 파일\Greedy">
      <UniqueIdentifier>{69f331db-3e27-4704-bdbe-30e4e57a797e}</UniqueIdentifier>
    </Filter>
    <Filter Include="소스 파일\BFS">
      <UniqueIdentifier>{6e151d2d-cde4-4b53-bc33-1bb31bbeb814}</UniqueIdentifier>
    </Filter>
    <Filter Include="소스 파일\DFS">
      <UniqueIdentifier>{c3fe3375-7399-4b11-bf08-65a77db508ad}</UniqueIdentifier>
    </Filter>
    <Filter Include="소스 파일\수학">
      <UniqueIdentifier>{8b9946b7-d3e1-4ae1-98e7-5f667b8dee4b}</UniqueIdentifier>
    </Filter>
    <Filter Include="소스 파일\그래프이론">
      <UniqueIdentifier>{73b48029-65ef-4548-adbb-76291946152e}</UniqueIdentifier>
    </Filter>
    <Filter Include="소스 파일\Solved.ac">
      <UniqueIdentifier>{c886304a-e143-4e8b-8fe3-e339efd73e1e}</UniqueIdentifier>
    </Filter>
    <Filter Include="소스 파일\Solved.ac\3단계">
      <UniqueIdentifier>{1cf3ac0e-2617-49cc-8951-645b6631f03e}</UniqueIdentifier>
    </Filter>
  </ItemGroup>
  <ItemGroup>
    <ClCompile Include="DFS_행렬영역구하기.cpp">
      <Filter>소스 파일\DFS</Filter>
    </ClCompile>
    <ClCompile Include="양한마리,양두마리.cpp">
      <Filter>소스 파일\DFS</Filter>
    </ClCompile>
    <ClCompile Include="덩치%287568번%29.cpp">
      <Filter>소스 파일\BruteForce</Filter>
    </ClCompile>
    <ClCompile Include="블랙잭%282798번%29.cpp">
      <Filter>소스 파일\BruteForce</Filter>
    </ClCompile>
    <ClCompile Include="분해합%282231번%29.cpp">
      <Filter>소스 파일\BruteForce</Filter>
    </ClCompile>
    <ClCompile Include="한수%281065번%29.cpp">
      <Filter>소스 파일\BruteForce</Filter>
    </ClCompile>
    <ClCompile Include="숫자 야구%282503번%29.cpp">
      <Filter>소스 파일\BruteForce</Filter>
    </ClCompile>
    <ClCompile Include="일곱 난쟁이%282309번%29.cpp">
      <Filter>소스 파일\BruteForce</Filter>
    </ClCompile>
    <ClCompile Include="체스판 다시 칠하기(1018번).cpp">
      <Filter>소스 파일\BruteForce</Filter>
    </ClCompile>
    <ClCompile Include="동전 0(11047번).cpp">
      <Filter>소스 파일\Greedy</Filter>
    </ClCompile>
    <ClCompile Include="ATM (11399번).cpp">
      <Filter>소스 파일\Greedy</Filter>
    </ClCompile>
    <ClCompile Include="회의실 배정%281931번%29.cpp">
      <Filter>소스 파일\Greedy</Filter>
    </ClCompile>
    <ClCompile Include="보물(1026번).cpp">
      <Filter>소스 파일\Greedy</Filter>
    </ClCompile>
    <ClCompile Include="잃어버린 괄호(1541번).cpp">
      <Filter>소스 파일\Greedy</Filter>
    </ClCompile>
    <ClCompile Include="에라토스테네스의 체%282960번%29.cpp">
      <Filter>소스 파일\수학</Filter>
    </ClCompile>
    <ClCompile Include="DFS와 BFS(1260번).cpp">
      <Filter>소스 파일\그래프이론</Filter>
    </ClCompile>
    <ClCompile Include="유기농 배추 (1012번).cpp">
      <Filter>소스 파일\DFS</Filter>
    </ClCompile>
    <ClCompile Include="피보나치 함수%28DP 1003번%29.cpp">
      <Filter>소스 파일\Solved.ac\3단계</Filter>
    </ClCompile>
    <ClCompile Include="리모컨(브루트포스 1107번).cpp">
      <Filter>소스 파일\Solved.ac\3단계</Filter>
    </ClCompile>
    <ClCompile Include="나는야 포켓몬 마스터 이다솜%28해시 테이블 1620번%29.cpp">
      <Filter>소스 파일\Solved.ac\3단계</Filter>
    </ClCompile>
    <ClCompile Include="집합 (비트마스킹, 11723번).cpp">
      <Filter>소스 파일\Solved.ac\3단계</Filter>
    </ClCompile>
    <ClCompile Include="비밀번호 찾기(해시를 사용한 집합과 맵 17219번).cpp">
      <Filter>소스 파일\Solved.ac\3단계</Filter>
    </ClCompile>
    <ClCompile Include="쿼드트리%28분할 정복 1992번%29.cpp">
      <Filter>소스 파일\Solved.ac\3단계</Filter>
    </ClCompile>
    <ClCompile Include="단지번호붙이기 %28DFS 2667번%29.cpp">
      <Filter>소스 파일\Solved.ac\3단계</Filter>
    </ClCompile>
    <ClCompile Include="계단 오르기%28DP 2579번%29.cpp">
      <Filter>소스 파일\Solved.ac\3단계</Filter>
    </ClCompile>
    <ClCompile Include="설탕 배달(DP버전 2839).cpp">
      <Filter>소스 파일\DP</Filter>
    </ClCompile>
    <ClCompile Include="설탕%28Greedy 2839%29.cpp">
      <Filter>소스 파일\Greedy</Filter>
    </ClCompile>
    <ClCompile Include="FourSquares%28DP 17626번%29.cpp">
      <Filter>소스 파일\Solved.ac\3단계</Filter>
    </ClCompile>
  </ItemGroup>
</Project>